{
  "nodes": {
    "home-manager": {
      "inputs": {
        "nixpkgs": [
          "nixpkgs"
        ]
      },
      "locked": {
        "lastModified": 1700419052,
        "narHash": "sha256-U6a5f9ynbzcp8PMIHULbHPkbwp7YfPKOYmTcLqlalD4=",
        "owner": "nix-community",
        "repo": "home-manager",
        "rev": "993fb02d20760067b8ee19c713d94cee07037759",
        "type": "github"
      },
      "original": {
        "owner": "nix-community",
        "repo": "home-manager",
        "type": "github"
      }
    },
    "nixpkgs": {
      "locked": {
        "lastModified": 1699099776,
        "narHash": "sha256-X09iKJ27mGsGambGfkKzqvw5esP1L/Rf8H3u3fCqIiU=",
        "owner": "NixOS",
        "repo": "nixpkgs",
        "rev": "85f1ba3e51676fa8cc604a3d863d729026a6b8eb",
        "type": "github"
      },
      "original": {
        "id": "nixpkgs",
        "ref": "nixos-unstable",
        "type": "indirect"
      }
    },
    "nixpkgs-stable": {
      "locked": {
        "lastModified": 1700633036,
        "narHash": "sha256-+So+2iLcUv3NM5/Z9HPd7yhAXHnkhE1lnza0Xg9mn5o=",
        "owner": "NixOS",
        "repo": "nixpkgs",
        "rev": "431c3d8bc434c80f270460a47325472bc26cb592",
        "type": "github"
      },
      "original": {
        "id": "nixpkgs",
        "ref": "release-23.11",
        "type": "indirect"
      }
    },
    "nur": {
      "locked": {
        "lastModified": 1700176706,
        "narHash": "sha256-wdaElcSzx3gSTyjFJ1AZ8bJYl12Pdpo99YEqbO77QwI=",
        "owner": "nix-community",
        "repo": "NUR",
        "rev": "d4bcfd77f1fd82b603935b36466fca58a12b18a0",
        "type": "github"
      },
      "original": {
        "owner": "nix-community",
        "repo": "NUR",
        "type": "github"
      }
    },
    "root": {
      "inputs": {
        "home-manager": "home-manager",
        "nixpkgs": "nixpkgs",
        "nixpkgs-stable": "nixpkgs-stable",
        "nur": "nur"
      }
    }
  },
  "root": "root",
  "version": 7
}
